// !$*UTF8*$!
{
	archiveVersion = 1;
	classes = {
	};
	objectVersion = 52;
	objects = {

/* Begin PBXBuildFile section */
		0B1CBEA627C0827F0008C72A /* ActivityUpdateDelegate.swift in Sources */ = {isa = PBXBuildFile; fileRef = 0B1CBEA527C0827F0008C72A /* ActivityUpdateDelegate.swift */; };
		0B1CBEA827C09FEC0008C72A /* IdentifiableBase.swift in Sources */ = {isa = PBXBuildFile; fileRef = 0B1CBEA727C09FEC0008C72A /* IdentifiableBase.swift */; };
		0B1CBEB127C1A4AD0008C72A /* RefreshableScrollView.swift in Sources */ = {isa = PBXBuildFile; fileRef = 0B1CBEB027C1A4AD0008C72A /* RefreshableScrollView.swift */; };
		0B1CBEB427C1A5020008C72A /* FramePreferenceKey.swift in Sources */ = {isa = PBXBuildFile; fileRef = 0B1CBEB327C1A5020008C72A /* FramePreferenceKey.swift */; };
		0B1CBEB627C1A5480008C72A /* ActivityIndicator.swift in Sources */ = {isa = PBXBuildFile; fileRef = 0B1CBEB527C1A5480008C72A /* ActivityIndicator.swift */; };
		0B1CBEB827C1A5660008C72A /* RefreshableScrollViewModel.swift in Sources */ = {isa = PBXBuildFile; fileRef = 0B1CBEB727C1A5660008C72A /* RefreshableScrollViewModel.swift */; };
		0B1CBEBA27C1C0CC0008C72A /* MockUtilities.swift in Sources */ = {isa = PBXBuildFile; fileRef = 0B1CBEB927C1C0CC0008C72A /* MockUtilities.swift */; };
		0B1CBEBF27C3090B0008C72A /* AppProtocolHandler.swift in Sources */ = {isa = PBXBuildFile; fileRef = 0B1CBEBE27C3090B0008C72A /* AppProtocolHandler.swift */; };
		0B1CBEC327C309B20008C72A /* JoinCompetitionProtocolData.swift in Sources */ = {isa = PBXBuildFile; fileRef = 0B1CBEC227C309B20008C72A /* JoinCompetitionProtocolData.swift */; };
		0B1CBEC527C30F390008C72A /* MockAppProtocolHandler.swift in Sources */ = {isa = PBXBuildFile; fileRef = 0B1CBEC427C30F390008C72A /* MockAppProtocolHandler.swift */; };
		0B1CBECA27C3F3B80008C72A /* CompetitionDescription.swift in Sources */ = {isa = PBXBuildFile; fileRef = 0B1CBEC927C3F3B80008C72A /* CompetitionDescription.swift */; };
		0B1CBECC27C3F51C0008C72A /* CompetitionAdminDetails.swift in Sources */ = {isa = PBXBuildFile; fileRef = 0B1CBECB27C3F51C0008C72A /* CompetitionAdminDetails.swift */; };
		0B1CBECE27C3F7B40008C72A /* JoinCompetitionView.swift in Sources */ = {isa = PBXBuildFile; fileRef = 0B1CBECD27C3F7B40008C72A /* JoinCompetitionView.swift */; };
		0B1CBED027C3F7C50008C72A /* JoinCompetitionViewModel.swift in Sources */ = {isa = PBXBuildFile; fileRef = 0B1CBECF27C3F7C50008C72A /* JoinCompetitionViewModel.swift */; };
		0B2D7495256AE65F00821775 /* CreateAccountView.swift in Sources */ = {isa = PBXBuildFile; fileRef = 0B2D7494256AE65F00821775 /* CreateAccountView.swift */; };
		0B2D7499256AE6C900821775 /* CreateAccountViewModel.swift in Sources */ = {isa = PBXBuildFile; fileRef = 0B2D7498256AE6C900821775 /* CreateAccountViewModel.swift */; };
		0B359721256C731A006D956A /* MainContentView.swift in Sources */ = {isa = PBXBuildFile; fileRef = 0B359720256C731A006D956A /* MainContentView.swift */; };
		0B359724256C7357006D956A /* AppStateViewModel.swift in Sources */ = {isa = PBXBuildFile; fileRef = 0B359723256C7357006D956A /* AppStateViewModel.swift */; };
		0B35972C257046FC006D956A /* AppDelegate.swift in Sources */ = {isa = PBXBuildFile; fileRef = 0B35972B257046FC006D956A /* AppDelegate.swift */; };
		0B35977425714E7D006D956A /* HealthKit.framework in Frameworks */ = {isa = PBXBuildFile; fileRef = 0B35977325714E7D006D956A /* HealthKit.framework */; };
		0B3597782571502A006D956A /* HealthKitManager.swift in Sources */ = {isa = PBXBuildFile; fileRef = 0B3597772571502A006D956A /* HealthKitManager.swift */; };
		0B35977B25715567006D956A /* LoggedInContentView.swift in Sources */ = {isa = PBXBuildFile; fileRef = 0B35977A25715567006D956A /* LoggedInContentView.swift */; };
		0B47A220279C893100C2970E /* CocoaLumberjackSwift in Frameworks */ = {isa = PBXBuildFile; productRef = 0B47A21F279C893100C2970E /* CocoaLumberjackSwift */; };
		0B47A222279C90EC00C2970E /* User.swift in Sources */ = {isa = PBXBuildFile; fileRef = 0B47A221279C90EB00C2970E /* User.swift */; };
		0B47A227279CA8EF00C2970E /* MockAuthenticationManager.swift in Sources */ = {isa = PBXBuildFile; fileRef = 0B47A226279CA8EF00C2970E /* MockAuthenticationManager.swift */; };
		0B47A229279CAB6E00C2970E /* MockAuthenticationService.swift in Sources */ = {isa = PBXBuildFile; fileRef = 0B47A228279CAB6E00C2970E /* MockAuthenticationService.swift */; };
		0B47A22B279CAC1E00C2970E /* MockTokenManager.swift in Sources */ = {isa = PBXBuildFile; fileRef = 0B47A22A279CAC1E00C2970E /* MockTokenManager.swift */; };
		0B47A22D279CACB600C2970E /* MockKeychainUtilities.swift in Sources */ = {isa = PBXBuildFile; fileRef = 0B47A22C279CACB600C2970E /* MockKeychainUtilities.swift */; };
		0B47A22F279CADBC00C2970E /* MockHttpConnector.swift in Sources */ = {isa = PBXBuildFile; fileRef = 0B47A22E279CADBC00C2970E /* MockHttpConnector.swift */; };
		0B47A231279CB12600C2970E /* MockUserService.swift in Sources */ = {isa = PBXBuildFile; fileRef = 0B47A230279CB12600C2970E /* MockUserService.swift */; };
		0B47A233279CB24200C2970E /* MockObjectGraph.swift in Sources */ = {isa = PBXBuildFile; fileRef = 0B47A232279CB24200C2970E /* MockObjectGraph.swift */; };
		0B47A235279CB2ED00C2970E /* IObjectGraph.swift in Sources */ = {isa = PBXBuildFile; fileRef = 0B47A234279CB2ED00C2970E /* IObjectGraph.swift */; };
		0B47A237279CB51900C2970E /* MockActivityDataService.swift in Sources */ = {isa = PBXBuildFile; fileRef = 0B47A236279CB51900C2970E /* MockActivityDataService.swift */; };
		0B47A239279CB57800C2970E /* MockCompetitionManager.swift in Sources */ = {isa = PBXBuildFile; fileRef = 0B47A238279CB57800C2970E /* MockCompetitionManager.swift */; };
		0B47A23B279CB5B200C2970E /* MockCompetitionService.swift in Sources */ = {isa = PBXBuildFile; fileRef = 0B47A23A279CB5B200C2970E /* MockCompetitionService.swift */; };
		0B47A23D279CB69400C2970E /* MockEmailUtility.swift in Sources */ = {isa = PBXBuildFile; fileRef = 0B47A23C279CB69400C2970E /* MockEmailUtility.swift */; };
		0B47A23F279CB6D600C2970E /* MockHealthKitManager.swift in Sources */ = {isa = PBXBuildFile; fileRef = 0B47A23E279CB6D600C2970E /* MockHealthKitManager.swift */; };
		0B47A241279CB76500C2970E /* MockShakeGestureHandler.swift in Sources */ = {isa = PBXBuildFile; fileRef = 0B47A240279CB76500C2970E /* MockShakeGestureHandler.swift */; };
		0B47A244279DDF1300C2970E /* ActivityRingView.swift in Sources */ = {isa = PBXBuildFile; fileRef = 0B47A243279DDF1300C2970E /* ActivityRingView.swift */; };
		0B47A246279DE17B00C2970E /* TodaySummaryView.swift in Sources */ = {isa = PBXBuildFile; fileRef = 0B47A245279DE17B00C2970E /* TodaySummaryView.swift */; };
		0B47A248279DE1FA00C2970E /* HomepageViewModel.swift in Sources */ = {isa = PBXBuildFile; fileRef = 0B47A247279DE1FA00C2970E /* HomepageViewModel.swift */; };
		0B47A24C279DF37500C2970E /* HKActivitySummary+Extensions.swift in Sources */ = {isa = PBXBuildFile; fileRef = 0B47A24B279DF37500C2970E /* HKActivitySummary+Extensions.swift */; };
		0B47A24E279DFDBC00C2970E /* ActivityValueView.swift in Sources */ = {isa = PBXBuildFile; fileRef = 0B47A24D279DFDBC00C2970E /* ActivityValueView.swift */; };
		0B47A252279E424300C2970E /* CompetitionDetailView.swift in Sources */ = {isa = PBXBuildFile; fileRef = 0B47A251279E424300C2970E /* CompetitionDetailView.swift */; };
		0B47A254279E47B600C2970E /* UserCompetitionResultView.swift in Sources */ = {isa = PBXBuildFile; fileRef = 0B47A253279E47B600C2970E /* UserCompetitionResultView.swift */; };
		0B592C2A25715CAC004F68AB /* PermissionPromptViewModel.swift in Sources */ = {isa = PBXBuildFile; fileRef = 0B592C2925715CAC004F68AB /* PermissionPromptViewModel.swift */; };
		0B62E66F25EB356100189702 /* CreateCompetitionView.swift in Sources */ = {isa = PBXBuildFile; fileRef = 0B62E66E25EB356100189702 /* CreateCompetitionView.swift */; };
		0B62E67225EB399600189702 /* CreateCompetitionViewModel.swift in Sources */ = {isa = PBXBuildFile; fileRef = 0B62E67125EB399600189702 /* CreateCompetitionViewModel.swift */; };
		0B6752DA25715ED80032835D /* PermissionPromptView.swift in Sources */ = {isa = PBXBuildFile; fileRef = 0B6752D925715ED80032835D /* PermissionPromptView.swift */; };
		0B67532A25745CF60032835D /* ActivitySummary.swift in Sources */ = {isa = PBXBuildFile; fileRef = 0B67532925745CF60032835D /* ActivitySummary.swift */; };
		0B67532E2574686D0032835D /* Workout.swift in Sources */ = {isa = PBXBuildFile; fileRef = 0B67532D2574686D0032835D /* Workout.swift */; };
		0B8445D2275C22E100F78480 /* JSONEncoder+Extension.swift in Sources */ = {isa = PBXBuildFile; fileRef = 0B8445D1275C22E100F78480 /* JSONEncoder+Extension.swift */; };
		0B8445D4275C239300F78480 /* JSONDecoder+Extension.swift in Sources */ = {isa = PBXBuildFile; fileRef = 0B8445D3275C239300F78480 /* JSONDecoder+Extension.swift */; };
		0B8445D8275C43FA00F78480 /* CompetitionDetailViewModel.swift in Sources */ = {isa = PBXBuildFile; fileRef = 0B8445D7275C43FA00F78480 /* CompetitionDetailViewModel.swift */; };
		0B8445E1275C464500F78480 /* LoginState.swift in Sources */ = {isa = PBXBuildFile; fileRef = 0B8445E0275C464500F78480 /* LoginState.swift */; };
		0B9058C927B0844800AE1712 /* Error+Extensions.swift in Sources */ = {isa = PBXBuildFile; fileRef = 0B9058C827B0844800AE1712 /* Error+Extensions.swift */; };
		0B99FBCE256A016900673133 /* FitWithFriendsApp.swift in Sources */ = {isa = PBXBuildFile; fileRef = 0B99FBCD256A016900673133 /* FitWithFriendsApp.swift */; };
		0B99FBD2256A016900673133 /* Assets.xcassets in Resources */ = {isa = PBXBuildFile; fileRef = 0B99FBD1256A016900673133 /* Assets.xcassets */; };
		0B99FBD5256A016900673133 /* Preview Assets.xcassets in Resources */ = {isa = PBXBuildFile; fileRef = 0B99FBD4256A016900673133 /* Preview Assets.xcassets */; };
		0B99FBE5256A04A200673133 /* HttpConnector.swift in Sources */ = {isa = PBXBuildFile; fileRef = 0B99FBE4256A04A200673133 /* HttpConnector.swift */; };
		0B99FBE8256A068700673133 /* HttpError.swift in Sources */ = {isa = PBXBuildFile; fileRef = 0B99FBE7256A068700673133 /* HttpError.swift */; };
		0B99FBEB256A070F00673133 /* HttpMethod.swift in Sources */ = {isa = PBXBuildFile; fileRef = 0B99FBEA256A070F00673133 /* HttpMethod.swift */; };
		0B99FBFF256A09F500673133 /* Logger.swift in Sources */ = {isa = PBXBuildFile; fileRef = 0B99FBFE256A09F500673133 /* Logger.swift */; };
		0B99FC06256A0BA800673133 /* LogFormatter.swift in Sources */ = {isa = PBXBuildFile; fileRef = 0B99FC05256A0BA800673133 /* LogFormatter.swift */; };
		0B99FC0D256A170D00673133 /* DDLogFlag+Extensions.swift in Sources */ = {isa = PBXBuildFile; fileRef = 0B99FC0C256A170D00673133 /* DDLogFlag+Extensions.swift */; };
		0B99FC13256A1BDE00673133 /* EmptyResponse.swift in Sources */ = {isa = PBXBuildFile; fileRef = 0B99FC12256A1BDE00673133 /* EmptyResponse.swift */; };
		0B99FC17256A20A800673133 /* AuthenticationManager.swift in Sources */ = {isa = PBXBuildFile; fileRef = 0B99FC16256A20A800673133 /* AuthenticationManager.swift */; };
		0B99FC20256A273D00673133 /* KeychainUtilities.swift in Sources */ = {isa = PBXBuildFile; fileRef = 0B99FC1F256A273D00673133 /* KeychainUtilities.swift */; };
		0B99FC23256A275E00673133 /* KeychainError.swift in Sources */ = {isa = PBXBuildFile; fileRef = 0B99FC22256A275E00673133 /* KeychainError.swift */; };
		0B99FC27256A29A300673133 /* SecretConstants.swift in Sources */ = {isa = PBXBuildFile; fileRef = 0B99FC26256A29A300673133 /* SecretConstants.swift */; };
		0B99FC2B256A2C5300673133 /* ErrorResponse.swift in Sources */ = {isa = PBXBuildFile; fileRef = 0B99FC2A256A2C5300673133 /* ErrorResponse.swift */; };
		0B99FC2E256A2CFB00673133 /* Token.swift in Sources */ = {isa = PBXBuildFile; fileRef = 0B99FC2D256A2CFB00673133 /* Token.swift */; };
		0B99FC34256A3BA600673133 /* TokenManager.swift in Sources */ = {isa = PBXBuildFile; fileRef = 0B99FC33256A3BA600673133 /* TokenManager.swift */; };
		0B99FC38256A3DFC00673133 /* TokenError.swift in Sources */ = {isa = PBXBuildFile; fileRef = 0B99FC37256A3DFC00673133 /* TokenError.swift */; };
		0B9BADAF256AD88100EB1B60 /* RequestConstants.swift in Sources */ = {isa = PBXBuildFile; fileRef = 0B9BADAE256AD88100EB1B60 /* RequestConstants.swift */; };
		0B9BADBF256AE2FB00EB1B60 /* ObjectGraph.swift in Sources */ = {isa = PBXBuildFile; fileRef = 0B9BADBE256AE2FB00EB1B60 /* ObjectGraph.swift */; };
		0B9BADC4256AE44600EB1B60 /* WelcomeView.swift in Sources */ = {isa = PBXBuildFile; fileRef = 0B9BADC3256AE44600EB1B60 /* WelcomeView.swift */; };
		0BABC72525ABAB4F0064CE5C /* ShakeGestureHandler.swift in Sources */ = {isa = PBXBuildFile; fileRef = 0BABC72425ABAB4F0064CE5C /* ShakeGestureHandler.swift */; };
		0BABC72825ABACD70064CE5C /* EmailUtility.swift in Sources */ = {isa = PBXBuildFile; fileRef = 0BABC72725ABACD70064CE5C /* EmailUtility.swift */; };
		0BABC72B25ABAF570064CE5C /* UIWindow+Extensions.swift in Sources */ = {isa = PBXBuildFile; fileRef = 0BABC72A25ABAF570064CE5C /* UIWindow+Extensions.swift */; };
		0BBD78852593F51100E08EB2 /* Encodable+Extension.swift in Sources */ = {isa = PBXBuildFile; fileRef = 0BBD78842593F51100E08EB2 /* Encodable+Extension.swift */; };
		0BBD7888259A3FF600E08EB2 /* CompetitionOverview.swift in Sources */ = {isa = PBXBuildFile; fileRef = 0BBD7887259A3FF600E08EB2 /* CompetitionOverview.swift */; };
		0BBD788D259A4A9400E08EB2 /* ServiceBase.swift in Sources */ = {isa = PBXBuildFile; fileRef = 0BBD788C259A4A9400E08EB2 /* ServiceBase.swift */; };
		0BBD7890259A4AE300E08EB2 /* AuthenticationService.swift in Sources */ = {isa = PBXBuildFile; fileRef = 0BBD788F259A4AE300E08EB2 /* AuthenticationService.swift */; };
		0BBD7893259A4B4800E08EB2 /* UserService.swift in Sources */ = {isa = PBXBuildFile; fileRef = 0BBD7892259A4B4800E08EB2 /* UserService.swift */; };
		0BBD7899259A4B9300E08EB2 /* ActivityDataService.swift in Sources */ = {isa = PBXBuildFile; fileRef = 0BBD7898259A4B9300E08EB2 /* ActivityDataService.swift */; };
		0BBD789C259A4BB600E08EB2 /* CompetitionService.swift in Sources */ = {isa = PBXBuildFile; fileRef = 0BBD789B259A4BB600E08EB2 /* CompetitionService.swift */; };
		0BBD78A1259A537100E08EB2 /* CompetitionManager.swift in Sources */ = {isa = PBXBuildFile; fileRef = 0BBD78A0259A537100E08EB2 /* CompetitionManager.swift */; };
		0BBD78A5259A552900E08EB2 /* Result+Extensions.swift in Sources */ = {isa = PBXBuildFile; fileRef = 0BBD78A4259A552900E08EB2 /* Result+Extensions.swift */; };
		0BBD78B025A0335100E08EB2 /* DateFormatter+Extensions.swift in Sources */ = {isa = PBXBuildFile; fileRef = 0BBD78AF25A0335100E08EB2 /* DateFormatter+Extensions.swift */; };
		0BCB29D1256B3754008FE93C /* LoginView.swift in Sources */ = {isa = PBXBuildFile; fileRef = 0BCB29D0256B3754008FE93C /* LoginView.swift */; };
		0BCB29D9256B3A84008FE93C /* LoginViewModel.swift in Sources */ = {isa = PBXBuildFile; fileRef = 0BCB29D8256B3A84008FE93C /* LoginViewModel.swift */; };
		0BCB29DC256B3B23008FE93C /* ViewState.swift in Sources */ = {isa = PBXBuildFile; fileRef = 0BCB29DB256B3B23008FE93C /* ViewState.swift */; };
		0BD42FF225B664CE00968D87 /* CompetitionSummaryViewModel.swift in Sources */ = {isa = PBXBuildFile; fileRef = 0BD42FF125B664CE00968D87 /* CompetitionSummaryViewModel.swift */; };
		0BD42FF525B6671700968D87 /* TimeInterval+Extensions.swift in Sources */ = {isa = PBXBuildFile; fileRef = 0BD42FF425B6671700968D87 /* TimeInterval+Extensions.swift */; };
		0BF759C525B67CD00098AE13 /* Colors.xcassets in Resources */ = {isa = PBXBuildFile; fileRef = 0BF759C425B67CD00098AE13 /* Colors.xcassets */; };
		0BF759C825B67D5C0098AE13 /* Color+Extensions.swift in Sources */ = {isa = PBXBuildFile; fileRef = 0BF759C725B67D5C0098AE13 /* Color+Extensions.swift */; };
		0BFBCA2725F48C710004658C /* HomepageSheetViewModel.swift in Sources */ = {isa = PBXBuildFile; fileRef = 0BFBCA2625F48C710004658C /* HomepageSheetViewModel.swift */; };
/* End PBXBuildFile section */

/* Begin PBXFileReference section */
		0B1CBEA527C0827F0008C72A /* ActivityUpdateDelegate.swift */ = {isa = PBXFileReference; lastKnownFileType = sourcecode.swift; path = ActivityUpdateDelegate.swift; sourceTree = "<group>"; };
		0B1CBEA727C09FEC0008C72A /* IdentifiableBase.swift */ = {isa = PBXFileReference; lastKnownFileType = sourcecode.swift; path = IdentifiableBase.swift; sourceTree = "<group>"; };
		0B1CBEB027C1A4AD0008C72A /* RefreshableScrollView.swift */ = {isa = PBXFileReference; lastKnownFileType = sourcecode.swift; path = RefreshableScrollView.swift; sourceTree = "<group>"; };
		0B1CBEB327C1A5020008C72A /* FramePreferenceKey.swift */ = {isa = PBXFileReference; lastKnownFileType = sourcecode.swift; path = FramePreferenceKey.swift; sourceTree = "<group>"; };
		0B1CBEB527C1A5480008C72A /* ActivityIndicator.swift */ = {isa = PBXFileReference; lastKnownFileType = sourcecode.swift; path = ActivityIndicator.swift; sourceTree = "<group>"; };
		0B1CBEB727C1A5660008C72A /* RefreshableScrollViewModel.swift */ = {isa = PBXFileReference; lastKnownFileType = sourcecode.swift; path = RefreshableScrollViewModel.swift; sourceTree = "<group>"; };
		0B1CBEB927C1C0CC0008C72A /* MockUtilities.swift */ = {isa = PBXFileReference; lastKnownFileType = sourcecode.swift; path = MockUtilities.swift; sourceTree = "<group>"; };
		0B1CBEBE27C3090B0008C72A /* AppProtocolHandler.swift */ = {isa = PBXFileReference; lastKnownFileType = sourcecode.swift; path = AppProtocolHandler.swift; sourceTree = "<group>"; };
		0B1CBEC227C309B20008C72A /* JoinCompetitionProtocolData.swift */ = {isa = PBXFileReference; lastKnownFileType = sourcecode.swift; path = JoinCompetitionProtocolData.swift; sourceTree = "<group>"; };
		0B1CBEC427C30F390008C72A /* MockAppProtocolHandler.swift */ = {isa = PBXFileReference; lastKnownFileType = sourcecode.swift; path = MockAppProtocolHandler.swift; sourceTree = "<group>"; };
		0B1CBEC927C3F3B80008C72A /* CompetitionDescription.swift */ = {isa = PBXFileReference; lastKnownFileType = sourcecode.swift; path = CompetitionDescription.swift; sourceTree = "<group>"; };
		0B1CBECB27C3F51C0008C72A /* CompetitionAdminDetails.swift */ = {isa = PBXFileReference; lastKnownFileType = sourcecode.swift; path = CompetitionAdminDetails.swift; sourceTree = "<group>"; };
		0B1CBECD27C3F7B40008C72A /* JoinCompetitionView.swift */ = {isa = PBXFileReference; lastKnownFileType = sourcecode.swift; path = JoinCompetitionView.swift; sourceTree = "<group>"; };
		0B1CBECF27C3F7C50008C72A /* JoinCompetitionViewModel.swift */ = {isa = PBXFileReference; lastKnownFileType = sourcecode.swift; path = JoinCompetitionViewModel.swift; sourceTree = "<group>"; };
		0B2D7494256AE65F00821775 /* CreateAccountView.swift */ = {isa = PBXFileReference; lastKnownFileType = sourcecode.swift; path = CreateAccountView.swift; sourceTree = "<group>"; };
		0B2D7498256AE6C900821775 /* CreateAccountViewModel.swift */ = {isa = PBXFileReference; lastKnownFileType = sourcecode.swift; path = CreateAccountViewModel.swift; sourceTree = "<group>"; };
		0B35971E256B4506006D956A /* FitWithFriends.entitlements */ = {isa = PBXFileReference; lastKnownFileType = text.plist.entitlements; path = FitWithFriends.entitlements; sourceTree = "<group>"; };
		0B359720256C731A006D956A /* MainContentView.swift */ = {isa = PBXFileReference; lastKnownFileType = sourcecode.swift; path = MainContentView.swift; sourceTree = "<group>"; };
		0B359723256C7357006D956A /* AppStateViewModel.swift */ = {isa = PBXFileReference; lastKnownFileType = sourcecode.swift; path = AppStateViewModel.swift; sourceTree = "<group>"; };
		0B35972B257046FC006D956A /* AppDelegate.swift */ = {isa = PBXFileReference; lastKnownFileType = sourcecode.swift; path = AppDelegate.swift; sourceTree = "<group>"; };
		0B35977325714E7D006D956A /* HealthKit.framework */ = {isa = PBXFileReference; lastKnownFileType = wrapper.framework; name = HealthKit.framework; path = System/Library/Frameworks/HealthKit.framework; sourceTree = SDKROOT; };
		0B3597772571502A006D956A /* HealthKitManager.swift */ = {isa = PBXFileReference; lastKnownFileType = sourcecode.swift; path = HealthKitManager.swift; sourceTree = "<group>"; };
		0B35977A25715567006D956A /* LoggedInContentView.swift */ = {isa = PBXFileReference; lastKnownFileType = sourcecode.swift; path = LoggedInContentView.swift; sourceTree = "<group>"; };
		0B47A221279C90EB00C2970E /* User.swift */ = {isa = PBXFileReference; fileEncoding = 4; lastKnownFileType = sourcecode.swift; path = User.swift; sourceTree = "<group>"; };
		0B47A226279CA8EF00C2970E /* MockAuthenticationManager.swift */ = {isa = PBXFileReference; lastKnownFileType = sourcecode.swift; path = MockAuthenticationManager.swift; sourceTree = "<group>"; };
		0B47A228279CAB6E00C2970E /* MockAuthenticationService.swift */ = {isa = PBXFileReference; lastKnownFileType = sourcecode.swift; path = MockAuthenticationService.swift; sourceTree = "<group>"; };
		0B47A22A279CAC1E00C2970E /* MockTokenManager.swift */ = {isa = PBXFileReference; lastKnownFileType = sourcecode.swift; path = MockTokenManager.swift; sourceTree = "<group>"; };
		0B47A22C279CACB600C2970E /* MockKeychainUtilities.swift */ = {isa = PBXFileReference; lastKnownFileType = sourcecode.swift; path = MockKeychainUtilities.swift; sourceTree = "<group>"; };
		0B47A22E279CADBC00C2970E /* MockHttpConnector.swift */ = {isa = PBXFileReference; lastKnownFileType = sourcecode.swift; path = MockHttpConnector.swift; sourceTree = "<group>"; };
		0B47A230279CB12600C2970E /* MockUserService.swift */ = {isa = PBXFileReference; lastKnownFileType = sourcecode.swift; path = MockUserService.swift; sourceTree = "<group>"; };
		0B47A232279CB24200C2970E /* MockObjectGraph.swift */ = {isa = PBXFileReference; lastKnownFileType = sourcecode.swift; path = MockObjectGraph.swift; sourceTree = "<group>"; };
		0B47A234279CB2ED00C2970E /* IObjectGraph.swift */ = {isa = PBXFileReference; lastKnownFileType = sourcecode.swift; path = IObjectGraph.swift; sourceTree = "<group>"; };
		0B47A236279CB51900C2970E /* MockActivityDataService.swift */ = {isa = PBXFileReference; lastKnownFileType = sourcecode.swift; path = MockActivityDataService.swift; sourceTree = "<group>"; };
		0B47A238279CB57800C2970E /* MockCompetitionManager.swift */ = {isa = PBXFileReference; lastKnownFileType = sourcecode.swift; path = MockCompetitionManager.swift; sourceTree = "<group>"; };
		0B47A23A279CB5B200C2970E /* MockCompetitionService.swift */ = {isa = PBXFileReference; lastKnownFileType = sourcecode.swift; path = MockCompetitionService.swift; sourceTree = "<group>"; };
		0B47A23C279CB69400C2970E /* MockEmailUtility.swift */ = {isa = PBXFileReference; lastKnownFileType = sourcecode.swift; path = MockEmailUtility.swift; sourceTree = "<group>"; };
		0B47A23E279CB6D600C2970E /* MockHealthKitManager.swift */ = {isa = PBXFileReference; lastKnownFileType = sourcecode.swift; path = MockHealthKitManager.swift; sourceTree = "<group>"; };
		0B47A240279CB76500C2970E /* MockShakeGestureHandler.swift */ = {isa = PBXFileReference; lastKnownFileType = sourcecode.swift; path = MockShakeGestureHandler.swift; sourceTree = "<group>"; };
		0B47A243279DDF1300C2970E /* ActivityRingView.swift */ = {isa = PBXFileReference; lastKnownFileType = sourcecode.swift; path = ActivityRingView.swift; sourceTree = "<group>"; };
		0B47A245279DE17B00C2970E /* TodaySummaryView.swift */ = {isa = PBXFileReference; lastKnownFileType = sourcecode.swift; path = TodaySummaryView.swift; sourceTree = "<group>"; };
		0B47A247279DE1FA00C2970E /* HomepageViewModel.swift */ = {isa = PBXFileReference; lastKnownFileType = sourcecode.swift; path = HomepageViewModel.swift; sourceTree = "<group>"; };
		0B47A24B279DF37500C2970E /* HKActivitySummary+Extensions.swift */ = {isa = PBXFileReference; lastKnownFileType = sourcecode.swift; path = "HKActivitySummary+Extensions.swift"; sourceTree = "<group>"; };
		0B47A24D279DFDBC00C2970E /* ActivityValueView.swift */ = {isa = PBXFileReference; lastKnownFileType = sourcecode.swift; path = ActivityValueView.swift; sourceTree = "<group>"; };
		0B47A251279E424300C2970E /* CompetitionDetailView.swift */ = {isa = PBXFileReference; lastKnownFileType = sourcecode.swift; path = CompetitionDetailView.swift; sourceTree = "<group>"; };
		0B47A253279E47B600C2970E /* UserCompetitionResultView.swift */ = {isa = PBXFileReference; lastKnownFileType = sourcecode.swift; path = UserCompetitionResultView.swift; sourceTree = "<group>"; };
		0B592C2925715CAC004F68AB /* PermissionPromptViewModel.swift */ = {isa = PBXFileReference; lastKnownFileType = sourcecode.swift; path = PermissionPromptViewModel.swift; sourceTree = "<group>"; };
		0B62E66E25EB356100189702 /* CreateCompetitionView.swift */ = {isa = PBXFileReference; lastKnownFileType = sourcecode.swift; path = CreateCompetitionView.swift; sourceTree = "<group>"; };
		0B62E67125EB399600189702 /* CreateCompetitionViewModel.swift */ = {isa = PBXFileReference; lastKnownFileType = sourcecode.swift; path = CreateCompetitionViewModel.swift; sourceTree = "<group>"; };
		0B6752D925715ED80032835D /* PermissionPromptView.swift */ = {isa = PBXFileReference; lastKnownFileType = sourcecode.swift; path = PermissionPromptView.swift; sourceTree = "<group>"; };
		0B67532925745CF60032835D /* ActivitySummary.swift */ = {isa = PBXFileReference; lastKnownFileType = sourcecode.swift; path = ActivitySummary.swift; sourceTree = "<group>"; };
		0B67532D2574686D0032835D /* Workout.swift */ = {isa = PBXFileReference; lastKnownFileType = sourcecode.swift; path = Workout.swift; sourceTree = "<group>"; };
		0B8445D1275C22E100F78480 /* JSONEncoder+Extension.swift */ = {isa = PBXFileReference; lastKnownFileType = sourcecode.swift; path = "JSONEncoder+Extension.swift"; sourceTree = "<group>"; };
		0B8445D3275C239300F78480 /* JSONDecoder+Extension.swift */ = {isa = PBXFileReference; lastKnownFileType = sourcecode.swift; path = "JSONDecoder+Extension.swift"; sourceTree = "<group>"; };
		0B8445D7275C43FA00F78480 /* CompetitionDetailViewModel.swift */ = {isa = PBXFileReference; lastKnownFileType = sourcecode.swift; path = CompetitionDetailViewModel.swift; sourceTree = "<group>"; };
		0B8445E0275C464500F78480 /* LoginState.swift */ = {isa = PBXFileReference; lastKnownFileType = sourcecode.swift; path = LoginState.swift; sourceTree = "<group>"; };
		0B9058C827B0844800AE1712 /* Error+Extensions.swift */ = {isa = PBXFileReference; lastKnownFileType = sourcecode.swift; path = "Error+Extensions.swift"; sourceTree = "<group>"; };
		0B99FBCA256A016900673133 /* FitWithFriends.app */ = {isa = PBXFileReference; explicitFileType = wrapper.application; includeInIndex = 0; path = FitWithFriends.app; sourceTree = BUILT_PRODUCTS_DIR; };
		0B99FBCD256A016900673133 /* FitWithFriendsApp.swift */ = {isa = PBXFileReference; lastKnownFileType = sourcecode.swift; path = FitWithFriendsApp.swift; sourceTree = "<group>"; };
		0B99FBD1256A016900673133 /* Assets.xcassets */ = {isa = PBXFileReference; lastKnownFileType = folder.assetcatalog; path = Assets.xcassets; sourceTree = "<group>"; };
		0B99FBD4256A016900673133 /* Preview Assets.xcassets */ = {isa = PBXFileReference; lastKnownFileType = folder.assetcatalog; path = "Preview Assets.xcassets"; sourceTree = "<group>"; };
		0B99FBD6256A016900673133 /* Info.plist */ = {isa = PBXFileReference; lastKnownFileType = text.plist.xml; path = Info.plist; sourceTree = "<group>"; };
		0B99FBE4256A04A200673133 /* HttpConnector.swift */ = {isa = PBXFileReference; lastKnownFileType = sourcecode.swift; path = HttpConnector.swift; sourceTree = "<group>"; };
		0B99FBE7256A068700673133 /* HttpError.swift */ = {isa = PBXFileReference; lastKnownFileType = sourcecode.swift; path = HttpError.swift; sourceTree = "<group>"; };
		0B99FBEA256A070F00673133 /* HttpMethod.swift */ = {isa = PBXFileReference; lastKnownFileType = sourcecode.swift; path = HttpMethod.swift; sourceTree = "<group>"; };
		0B99FBFE256A09F500673133 /* Logger.swift */ = {isa = PBXFileReference; lastKnownFileType = sourcecode.swift; path = Logger.swift; sourceTree = "<group>"; };
		0B99FC05256A0BA800673133 /* LogFormatter.swift */ = {isa = PBXFileReference; lastKnownFileType = sourcecode.swift; path = LogFormatter.swift; sourceTree = "<group>"; };
		0B99FC0C256A170D00673133 /* DDLogFlag+Extensions.swift */ = {isa = PBXFileReference; lastKnownFileType = sourcecode.swift; path = "DDLogFlag+Extensions.swift"; sourceTree = "<group>"; };
		0B99FC12256A1BDE00673133 /* EmptyResponse.swift */ = {isa = PBXFileReference; lastKnownFileType = sourcecode.swift; path = EmptyResponse.swift; sourceTree = "<group>"; };
		0B99FC16256A20A800673133 /* AuthenticationManager.swift */ = {isa = PBXFileReference; lastKnownFileType = sourcecode.swift; path = AuthenticationManager.swift; sourceTree = "<group>"; };
		0B99FC1F256A273D00673133 /* KeychainUtilities.swift */ = {isa = PBXFileReference; lastKnownFileType = sourcecode.swift; path = KeychainUtilities.swift; sourceTree = "<group>"; };
		0B99FC22256A275E00673133 /* KeychainError.swift */ = {isa = PBXFileReference; lastKnownFileType = sourcecode.swift; path = KeychainError.swift; sourceTree = "<group>"; };
		0B99FC26256A29A300673133 /* SecretConstants.swift */ = {isa = PBXFileReference; lastKnownFileType = sourcecode.swift; path = SecretConstants.swift; sourceTree = "<group>"; };
		0B99FC2A256A2C5300673133 /* ErrorResponse.swift */ = {isa = PBXFileReference; lastKnownFileType = sourcecode.swift; path = ErrorResponse.swift; sourceTree = "<group>"; };
		0B99FC2D256A2CFB00673133 /* Token.swift */ = {isa = PBXFileReference; lastKnownFileType = sourcecode.swift; path = Token.swift; sourceTree = "<group>"; };
		0B99FC33256A3BA600673133 /* TokenManager.swift */ = {isa = PBXFileReference; lastKnownFileType = sourcecode.swift; path = TokenManager.swift; sourceTree = "<group>"; };
		0B99FC37256A3DFC00673133 /* TokenError.swift */ = {isa = PBXFileReference; lastKnownFileType = sourcecode.swift; path = TokenError.swift; sourceTree = "<group>"; };
		0B9BADAE256AD88100EB1B60 /* RequestConstants.swift */ = {isa = PBXFileReference; lastKnownFileType = sourcecode.swift; path = RequestConstants.swift; sourceTree = "<group>"; };
		0B9BADBE256AE2FB00EB1B60 /* ObjectGraph.swift */ = {isa = PBXFileReference; lastKnownFileType = sourcecode.swift; path = ObjectGraph.swift; sourceTree = "<group>"; };
		0B9BADC3256AE44600EB1B60 /* WelcomeView.swift */ = {isa = PBXFileReference; lastKnownFileType = sourcecode.swift; path = WelcomeView.swift; sourceTree = "<group>"; };
		0BABC72425ABAB4F0064CE5C /* ShakeGestureHandler.swift */ = {isa = PBXFileReference; lastKnownFileType = sourcecode.swift; path = ShakeGestureHandler.swift; sourceTree = "<group>"; };
		0BABC72725ABACD70064CE5C /* EmailUtility.swift */ = {isa = PBXFileReference; lastKnownFileType = sourcecode.swift; path = EmailUtility.swift; sourceTree = "<group>"; };
		0BABC72A25ABAF570064CE5C /* UIWindow+Extensions.swift */ = {isa = PBXFileReference; lastKnownFileType = sourcecode.swift; path = "UIWindow+Extensions.swift"; sourceTree = "<group>"; };
		0BBD78842593F51100E08EB2 /* Encodable+Extension.swift */ = {isa = PBXFileReference; lastKnownFileType = sourcecode.swift; path = "Encodable+Extension.swift"; sourceTree = "<group>"; };
		0BBD7887259A3FF600E08EB2 /* CompetitionOverview.swift */ = {isa = PBXFileReference; lastKnownFileType = sourcecode.swift; path = CompetitionOverview.swift; sourceTree = "<group>"; };
		0BBD788C259A4A9400E08EB2 /* ServiceBase.swift */ = {isa = PBXFileReference; lastKnownFileType = sourcecode.swift; path = ServiceBase.swift; sourceTree = "<group>"; };
		0BBD788F259A4AE300E08EB2 /* AuthenticationService.swift */ = {isa = PBXFileReference; lastKnownFileType = sourcecode.swift; path = AuthenticationService.swift; sourceTree = "<group>"; };
		0BBD7892259A4B4800E08EB2 /* UserService.swift */ = {isa = PBXFileReference; lastKnownFileType = sourcecode.swift; path = UserService.swift; sourceTree = "<group>"; };
		0BBD7898259A4B9300E08EB2 /* ActivityDataService.swift */ = {isa = PBXFileReference; lastKnownFileType = sourcecode.swift; path = ActivityDataService.swift; sourceTree = "<group>"; };
		0BBD789B259A4BB600E08EB2 /* CompetitionService.swift */ = {isa = PBXFileReference; lastKnownFileType = sourcecode.swift; path = CompetitionService.swift; sourceTree = "<group>"; };
		0BBD78A0259A537100E08EB2 /* CompetitionManager.swift */ = {isa = PBXFileReference; lastKnownFileType = sourcecode.swift; path = CompetitionManager.swift; sourceTree = "<group>"; };
		0BBD78A4259A552900E08EB2 /* Result+Extensions.swift */ = {isa = PBXFileReference; lastKnownFileType = sourcecode.swift; path = "Result+Extensions.swift"; sourceTree = "<group>"; };
		0BBD78AF25A0335100E08EB2 /* DateFormatter+Extensions.swift */ = {isa = PBXFileReference; lastKnownFileType = sourcecode.swift; path = "DateFormatter+Extensions.swift"; sourceTree = "<group>"; };
		0BCB29D0256B3754008FE93C /* LoginView.swift */ = {isa = PBXFileReference; lastKnownFileType = sourcecode.swift; path = LoginView.swift; sourceTree = "<group>"; };
		0BCB29D8256B3A84008FE93C /* LoginViewModel.swift */ = {isa = PBXFileReference; lastKnownFileType = sourcecode.swift; path = LoginViewModel.swift; sourceTree = "<group>"; };
		0BCB29DB256B3B23008FE93C /* ViewState.swift */ = {isa = PBXFileReference; lastKnownFileType = sourcecode.swift; path = ViewState.swift; sourceTree = "<group>"; };
		0BD42FF125B664CE00968D87 /* CompetitionSummaryViewModel.swift */ = {isa = PBXFileReference; lastKnownFileType = sourcecode.swift; path = CompetitionSummaryViewModel.swift; sourceTree = "<group>"; };
		0BD42FF425B6671700968D87 /* TimeInterval+Extensions.swift */ = {isa = PBXFileReference; lastKnownFileType = sourcecode.swift; path = "TimeInterval+Extensions.swift"; sourceTree = "<group>"; };
		0BF759C425B67CD00098AE13 /* Colors.xcassets */ = {isa = PBXFileReference; lastKnownFileType = folder.assetcatalog; path = Colors.xcassets; sourceTree = "<group>"; };
		0BF759C725B67D5C0098AE13 /* Color+Extensions.swift */ = {isa = PBXFileReference; lastKnownFileType = sourcecode.swift; path = "Color+Extensions.swift"; sourceTree = "<group>"; };
		0BFBCA2625F48C710004658C /* HomepageSheetViewModel.swift */ = {isa = PBXFileReference; lastKnownFileType = sourcecode.swift; path = HomepageSheetViewModel.swift; sourceTree = "<group>"; };
/* End PBXFileReference section */

/* Begin PBXFrameworksBuildPhase section */
		0B99FBC7256A016900673133 /* Frameworks */ = {
			isa = PBXFrameworksBuildPhase;
			buildActionMask = 2147483647;
			files = (
				0B47A220279C893100C2970E /* CocoaLumberjackSwift in Frameworks */,
				0B35977425714E7D006D956A /* HealthKit.framework in Frameworks */,
			);
			runOnlyForDeploymentPostprocessing = 0;
		};
/* End PBXFrameworksBuildPhase section */

/* Begin PBXGroup section */
		0B1CBEAF27C1A42D0008C72A /* Custom Views */ = {
			isa = PBXGroup;
			children = (
				0B1CBEB227C1A4EF0008C72A /* RefreshableScrollView */,
			);
			path = "Custom Views";
			sourceTree = "<group>";
		};
		0B1CBEB227C1A4EF0008C72A /* RefreshableScrollView */ = {
			isa = PBXGroup;
			children = (
				0B1CBEB027C1A4AD0008C72A /* RefreshableScrollView.swift */,
				0B1CBEB327C1A5020008C72A /* FramePreferenceKey.swift */,
				0B1CBEB527C1A5480008C72A /* ActivityIndicator.swift */,
				0B1CBEB727C1A5660008C72A /* RefreshableScrollViewModel.swift */,
			);
			path = RefreshableScrollView;
			sourceTree = "<group>";
		};
		0B1CBEBD27C308FA0008C72A /* AppProtocol */ = {
			isa = PBXGroup;
			children = (
				0B1CBEBE27C3090B0008C72A /* AppProtocolHandler.swift */,
				0B1CBEC227C309B20008C72A /* JoinCompetitionProtocolData.swift */,
			);
			path = AppProtocol;
			sourceTree = "<group>";
		};
		0B1CBEC827C3F3A90008C72A /* Competitions */ = {
			isa = PBXGroup;
			children = (
				0BBD7887259A3FF600E08EB2 /* CompetitionOverview.swift */,
				0B1CBEC927C3F3B80008C72A /* CompetitionDescription.swift */,
				0B1CBECB27C3F51C0008C72A /* CompetitionAdminDetails.swift */,
			);
			path = Competitions;
			sourceTree = "<group>";
		};
		0B2D7497256AE6B700821775 /* ViewModels */ = {
			isa = PBXGroup;
			children = (
				0BBD78BE25A282F600E08EB2 /* Competitions */,
				0BBD78BD25A282F200E08EB2 /* Login */,
				0BBD78BC25A282EC00E08EB2 /* Home */,
				0B359723256C7357006D956A /* AppStateViewModel.swift */,
				0BCB29DB256B3B23008FE93C /* ViewState.swift */,
			);
			path = ViewModels;
			sourceTree = "<group>";
		};
		0B35977625715018006D956A /* WorkoutData */ = {
			isa = PBXGroup;
			children = (
				0B3597772571502A006D956A /* HealthKitManager.swift */,
				0B1CBEA527C0827F0008C72A /* ActivityUpdateDelegate.swift */,
			);
			path = WorkoutData;
			sourceTree = "<group>";
		};
		0B35977D25715675006D956A /* Data */ = {
			isa = PBXGroup;
			children = (
				0B1CBEBD27C308FA0008C72A /* AppProtocol */,
				0B99FC15256A208E00673133 /* Authentication */,
				0BBD789F259A536000E08EB2 /* Competitions */,
				0B99FC25256A290900673133 /* Model */,
				0B99FC19256A250D00673133 /* Service */,
				0B35977625715018006D956A /* WorkoutData */,
			);
			path = Data;
			sourceTree = "<group>";
		};
		0B47A223279CA88800C2970E /* Mocks */ = {
			isa = PBXGroup;
			children = (
				0B47A226279CA8EF00C2970E /* MockAuthenticationManager.swift */,
				0B47A228279CAB6E00C2970E /* MockAuthenticationService.swift */,
				0B47A22A279CAC1E00C2970E /* MockTokenManager.swift */,
				0B47A22C279CACB600C2970E /* MockKeychainUtilities.swift */,
				0B47A22E279CADBC00C2970E /* MockHttpConnector.swift */,
				0B47A230279CB12600C2970E /* MockUserService.swift */,
				0B47A232279CB24200C2970E /* MockObjectGraph.swift */,
				0B47A236279CB51900C2970E /* MockActivityDataService.swift */,
				0B47A238279CB57800C2970E /* MockCompetitionManager.swift */,
				0B47A23A279CB5B200C2970E /* MockCompetitionService.swift */,
				0B47A23C279CB69400C2970E /* MockEmailUtility.swift */,
				0B47A23E279CB6D600C2970E /* MockHealthKitManager.swift */,
				0B47A240279CB76500C2970E /* MockShakeGestureHandler.swift */,
				0B1CBEB927C1C0CC0008C72A /* MockUtilities.swift */,
				0B1CBEC427C30F390008C72A /* MockAppProtocolHandler.swift */,
			);
			path = Mocks;
			sourceTree = "<group>";
		};
		0B99FBC1256A016900673133 = {
			isa = PBXGroup;
			children = (
				0B99FBCC256A016900673133 /* FitWithFriends */,
				0B99FBCB256A016900673133 /* Products */,
				EDAFADCA82B7C1A16B9EAE74 /* Frameworks */,
			);
			sourceTree = "<group>";
		};
		0B99FBCB256A016900673133 /* Products */ = {
			isa = PBXGroup;
			children = (
				0B99FBCA256A016900673133 /* FitWithFriends.app */,
			);
			name = Products;
			sourceTree = "<group>";
		};
		0B99FBCC256A016900673133 /* FitWithFriends */ = {
			isa = PBXGroup;
			children = (
				0B47A223279CA88800C2970E /* Mocks */,
				0B35977D25715675006D956A /* Data */,
				0BF759C325B67CB60098AE13 /* Resources */,
				0B99FBE1256A028700673133 /* Utilities */,
				0B2D7497256AE6B700821775 /* ViewModels */,
				0B9BADC2256AE43300EB1B60 /* Views */,
				0B99FBCD256A016900673133 /* FitWithFriendsApp.swift */,
				0B35972B257046FC006D956A /* AppDelegate.swift */,
				0B9BADBE256AE2FB00EB1B60 /* ObjectGraph.swift */,
				0B47A234279CB2ED00C2970E /* IObjectGraph.swift */,
				0B99FBD1256A016900673133 /* Assets.xcassets */,
				0B35971E256B4506006D956A /* FitWithFriends.entitlements */,
				0B99FBD6256A016900673133 /* Info.plist */,
				0B99FBD3256A016900673133 /* Preview Content */,
			);
			path = FitWithFriends;
			sourceTree = "<group>";
		};
		0B99FBD3256A016900673133 /* Preview Content */ = {
			isa = PBXGroup;
			children = (
				0B99FBD4256A016900673133 /* Preview Assets.xcassets */,
			);
			path = "Preview Content";
			sourceTree = "<group>";
		};
		0B99FBE1256A028700673133 /* Utilities */ = {
			isa = PBXGroup;
			children = (
				0B99FC26256A29A300673133 /* SecretConstants.swift */,
				0B99FC36256A3DE100673133 /* Errors */,
				0B99FC1E256A26D500673133 /* Keychain */,
				0B99FC0B256A170000673133 /* Extensions */,
				0B99FBFA256A096200673133 /* Logging */,
				0B99FBE3256A048500673133 /* Networking */,
			);
			path = Utilities;
			sourceTree = "<group>";
		};
		0B99FBE3256A048500673133 /* Networking */ = {
			isa = PBXGroup;
			children = (
				0B99FC12256A1BDE00673133 /* EmptyResponse.swift */,
				0B99FC2A256A2C5300673133 /* ErrorResponse.swift */,
				0B99FBE4256A04A200673133 /* HttpConnector.swift */,
				0B99FBEA256A070F00673133 /* HttpMethod.swift */,
			);
			path = Networking;
			sourceTree = "<group>";
		};
		0B99FBFA256A096200673133 /* Logging */ = {
			isa = PBXGroup;
			children = (
				0B99FBFE256A09F500673133 /* Logger.swift */,
				0B99FC05256A0BA800673133 /* LogFormatter.swift */,
				0BABC72425ABAB4F0064CE5C /* ShakeGestureHandler.swift */,
				0BABC72725ABACD70064CE5C /* EmailUtility.swift */,
			);
			path = Logging;
			sourceTree = "<group>";
		};
		0B99FC0B256A170000673133 /* Extensions */ = {
			isa = PBXGroup;
			children = (
				0B99FC0C256A170D00673133 /* DDLogFlag+Extensions.swift */,
				0BBD78842593F51100E08EB2 /* Encodable+Extension.swift */,
				0BBD78A4259A552900E08EB2 /* Result+Extensions.swift */,
				0BBD78AF25A0335100E08EB2 /* DateFormatter+Extensions.swift */,
				0BABC72A25ABAF570064CE5C /* UIWindow+Extensions.swift */,
				0BD42FF425B6671700968D87 /* TimeInterval+Extensions.swift */,
				0BF759C725B67D5C0098AE13 /* Color+Extensions.swift */,
				0B8445D1275C22E100F78480 /* JSONEncoder+Extension.swift */,
				0B8445D3275C239300F78480 /* JSONDecoder+Extension.swift */,
				0B47A24B279DF37500C2970E /* HKActivitySummary+Extensions.swift */,
				0B9058C827B0844800AE1712 /* Error+Extensions.swift */,
			);
			path = Extensions;
			sourceTree = "<group>";
		};
		0B99FC15256A208E00673133 /* Authentication */ = {
			isa = PBXGroup;
			children = (
				0B99FC16256A20A800673133 /* AuthenticationManager.swift */,
				0B99FC33256A3BA600673133 /* TokenManager.swift */,
				0B8445E0275C464500F78480 /* LoginState.swift */,
			);
			path = Authentication;
			sourceTree = "<group>";
		};
		0B99FC19256A250D00673133 /* Service */ = {
			isa = PBXGroup;
			children = (
				0BBD788F259A4AE300E08EB2 /* AuthenticationService.swift */,
				0BBD7898259A4B9300E08EB2 /* ActivityDataService.swift */,
				0BBD789B259A4BB600E08EB2 /* CompetitionService.swift */,
				0BBD7892259A4B4800E08EB2 /* UserService.swift */,
				0BBD788C259A4A9400E08EB2 /* ServiceBase.swift */,
				0B9BADAE256AD88100EB1B60 /* RequestConstants.swift */,
			);
			path = Service;
			sourceTree = "<group>";
		};
		0B99FC1E256A26D500673133 /* Keychain */ = {
			isa = PBXGroup;
			children = (
				0B99FC1F256A273D00673133 /* KeychainUtilities.swift */,
			);
			path = Keychain;
			sourceTree = "<group>";
		};
		0B99FC25256A290900673133 /* Model */ = {
			isa = PBXGroup;
			children = (
				0B1CBEC827C3F3A90008C72A /* Competitions */,
				0B47A221279C90EB00C2970E /* User.swift */,
				0B67532925745CF60032835D /* ActivitySummary.swift */,
				0B99FC2D256A2CFB00673133 /* Token.swift */,
				0B67532D2574686D0032835D /* Workout.swift */,
				0B1CBEA727C09FEC0008C72A /* IdentifiableBase.swift */,
			);
			path = Model;
			sourceTree = "<group>";
		};
		0B99FC36256A3DE100673133 /* Errors */ = {
			isa = PBXGroup;
			children = (
				0B99FBE7256A068700673133 /* HttpError.swift */,
				0B99FC22256A275E00673133 /* KeychainError.swift */,
				0B99FC37256A3DFC00673133 /* TokenError.swift */,
			);
			path = Errors;
			sourceTree = "<group>";
		};
		0B9BADC2256AE43300EB1B60 /* Views */ = {
			isa = PBXGroup;
			children = (
				0B1CBEAF27C1A42D0008C72A /* Custom Views */,
				0BBD78B825A282C600E08EB2 /* Competitions */,
				0BBD78B325A280C300E08EB2 /* Home */,
				0BBD78B225A280B300E08EB2 /* Login */,
				0B359720256C731A006D956A /* MainContentView.swift */,
			);
			path = Views;
			sourceTree = "<group>";
		};
		0BBD789F259A536000E08EB2 /* Competitions */ = {
			isa = PBXGroup;
			children = (
				0BBD78A0259A537100E08EB2 /* CompetitionManager.swift */,
			);
			path = Competitions;
			sourceTree = "<group>";
		};
		0BBD78B225A280B300E08EB2 /* Login */ = {
			isa = PBXGroup;
			children = (
				0B9BADC3256AE44600EB1B60 /* WelcomeView.swift */,
				0B2D7494256AE65F00821775 /* CreateAccountView.swift */,
				0BCB29D0256B3754008FE93C /* LoginView.swift */,
			);
			path = Login;
			sourceTree = "<group>";
		};
		0BBD78B325A280C300E08EB2 /* Home */ = {
			isa = PBXGroup;
			children = (
				0B35977A25715567006D956A /* LoggedInContentView.swift */,
				0B6752D925715ED80032835D /* PermissionPromptView.swift */,
			);
			path = Home;
			sourceTree = "<group>";
		};
		0BBD78B825A282C600E08EB2 /* Competitions */ = {
			isa = PBXGroup;
			children = (
				0B62E66E25EB356100189702 /* CreateCompetitionView.swift */,
				0B47A243279DDF1300C2970E /* ActivityRingView.swift */,
				0B47A245279DE17B00C2970E /* TodaySummaryView.swift */,
				0B47A24D279DFDBC00C2970E /* ActivityValueView.swift */,
				0B47A251279E424300C2970E /* CompetitionDetailView.swift */,
				0B47A253279E47B600C2970E /* UserCompetitionResultView.swift */,
				0B1CBECD27C3F7B40008C72A /* JoinCompetitionView.swift */,
			);
			path = Competitions;
			sourceTree = "<group>";
		};
		0BBD78BC25A282EC00E08EB2 /* Home */ = {
			isa = PBXGroup;
			children = (
				0B47A247279DE1FA00C2970E /* HomepageViewModel.swift */,
				0B592C2925715CAC004F68AB /* PermissionPromptViewModel.swift */,
				0BFBCA2625F48C710004658C /* HomepageSheetViewModel.swift */,
			);
			path = Home;
			sourceTree = "<group>";
		};
		0BBD78BD25A282F200E08EB2 /* Login */ = {
			isa = PBXGroup;
			children = (
				0B2D7498256AE6C900821775 /* CreateAccountViewModel.swift */,
				0BCB29D8256B3A84008FE93C /* LoginViewModel.swift */,
			);
			path = Login;
			sourceTree = "<group>";
		};
		0BBD78BE25A282F600E08EB2 /* Competitions */ = {
			isa = PBXGroup;
			children = (
				0BD42FF125B664CE00968D87 /* CompetitionSummaryViewModel.swift */,
				0B62E67125EB399600189702 /* CreateCompetitionViewModel.swift */,
				0B8445D7275C43FA00F78480 /* CompetitionDetailViewModel.swift */,
				0B1CBECF27C3F7C50008C72A /* JoinCompetitionViewModel.swift */,
			);
			path = Competitions;
			sourceTree = "<group>";
		};
		0BF759C325B67CB60098AE13 /* Resources */ = {
			isa = PBXGroup;
			children = (
				0BF759C425B67CD00098AE13 /* Colors.xcassets */,
			);
			path = Resources;
			sourceTree = "<group>";
		};
		EDAFADCA82B7C1A16B9EAE74 /* Frameworks */ = {
			isa = PBXGroup;
			children = (
				0B35977325714E7D006D956A /* HealthKit.framework */,
			);
			name = Frameworks;
			sourceTree = "<group>";
		};
/* End PBXGroup section */

/* Begin PBXNativeTarget section */
		0B99FBC9256A016900673133 /* FitWithFriends */ = {
			isa = PBXNativeTarget;
			buildConfigurationList = 0B99FBD9256A016900673133 /* Build configuration list for PBXNativeTarget "FitWithFriends" */;
			buildPhases = (
				0B99FBC6256A016900673133 /* Sources */,
				0B99FBC7256A016900673133 /* Frameworks */,
				0B99FBC8256A016900673133 /* Resources */,
			);
			buildRules = (
			);
			dependencies = (
			);
			name = FitWithFriends;
			packageProductDependencies = (
				0B47A21F279C893100C2970E /* CocoaLumberjackSwift */,
			);
			productName = FitWithFriends;
			productReference = 0B99FBCA256A016900673133 /* FitWithFriends.app */;
			productType = "com.apple.product-type.application";
		};
/* End PBXNativeTarget section */

/* Begin PBXProject section */
		0B99FBC2256A016900673133 /* Project object */ = {
			isa = PBXProject;
			attributes = {
				LastSwiftUpdateCheck = 1220;
				LastUpgradeCheck = 1220;
				TargetAttributes = {
					0B99FBC9256A016900673133 = {
						CreatedOnToolsVersion = 12.2;
					};
				};
			};
			buildConfigurationList = 0B99FBC5256A016900673133 /* Build configuration list for PBXProject "FitWithFriends" */;
			compatibilityVersion = "Xcode 9.3";
			developmentRegion = en;
			hasScannedForEncodings = 0;
			knownRegions = (
				en,
				Base,
			);
			mainGroup = 0B99FBC1256A016900673133;
			packageReferences = (
				0B47A21E279C893100C2970E /* XCRemoteSwiftPackageReference "CocoaLumberjack" */,
			);
			productRefGroup = 0B99FBCB256A016900673133 /* Products */;
			projectDirPath = "";
			projectRoot = "";
			targets = (
				0B99FBC9256A016900673133 /* FitWithFriends */,
			);
		};
/* End PBXProject section */

/* Begin PBXResourcesBuildPhase section */
		0B99FBC8256A016900673133 /* Resources */ = {
			isa = PBXResourcesBuildPhase;
			buildActionMask = 2147483647;
			files = (
				0BF759C525B67CD00098AE13 /* Colors.xcassets in Resources */,
				0B99FBD5256A016900673133 /* Preview Assets.xcassets in Resources */,
				0B99FBD2256A016900673133 /* Assets.xcassets in Resources */,
			);
			runOnlyForDeploymentPostprocessing = 0;
		};
/* End PBXResourcesBuildPhase section */

/* Begin PBXSourcesBuildPhase section */
		0B99FBC6256A016900673133 /* Sources */ = {
			isa = PBXSourcesBuildPhase;
			buildActionMask = 2147483647;
			files = (
				0B2D7495256AE65F00821775 /* CreateAccountView.swift in Sources */,
				0BBD78B025A0335100E08EB2 /* DateFormatter+Extensions.swift in Sources */,
				0BBD78A5259A552900E08EB2 /* Result+Extensions.swift in Sources */,
				0B99FC2B256A2C5300673133 /* ErrorResponse.swift in Sources */,
				0B99FC34256A3BA600673133 /* TokenManager.swift in Sources */,
				0B99FBE8256A068700673133 /* HttpError.swift in Sources */,
				0B99FC27256A29A300673133 /* SecretConstants.swift in Sources */,
				0B62E66F25EB356100189702 /* CreateCompetitionView.swift in Sources */,
				0B359721256C731A006D956A /* MainContentView.swift in Sources */,
				0B99FC38256A3DFC00673133 /* TokenError.swift in Sources */,
				0B47A23B279CB5B200C2970E /* MockCompetitionService.swift in Sources */,
				0B62E67225EB399600189702 /* CreateCompetitionViewModel.swift in Sources */,
				0B47A252279E424300C2970E /* CompetitionDetailView.swift in Sources */,
				0B47A229279CAB6E00C2970E /* MockAuthenticationService.swift in Sources */,
				0B1CBECE27C3F7B40008C72A /* JoinCompetitionView.swift in Sources */,
				0BCB29D1256B3754008FE93C /* LoginView.swift in Sources */,
				0B3597782571502A006D956A /* HealthKitManager.swift in Sources */,
				0B99FBE5256A04A200673133 /* HttpConnector.swift in Sources */,
				0B47A22D279CACB600C2970E /* MockKeychainUtilities.swift in Sources */,
				0B67532A25745CF60032835D /* ActivitySummary.swift in Sources */,
				0B1CBEB127C1A4AD0008C72A /* RefreshableScrollView.swift in Sources */,
				0BBD7890259A4AE300E08EB2 /* AuthenticationService.swift in Sources */,
				0B47A22F279CADBC00C2970E /* MockHttpConnector.swift in Sources */,
				0BABC72525ABAB4F0064CE5C /* ShakeGestureHandler.swift in Sources */,
				0B1CBECC27C3F51C0008C72A /* CompetitionAdminDetails.swift in Sources */,
				0B8445D4275C239300F78480 /* JSONDecoder+Extension.swift in Sources */,
				0B47A248279DE1FA00C2970E /* HomepageViewModel.swift in Sources */,
				0B592C2A25715CAC004F68AB /* PermissionPromptViewModel.swift in Sources */,
				0B1CBEBF27C3090B0008C72A /* AppProtocolHandler.swift in Sources */,
				0BABC72825ABACD70064CE5C /* EmailUtility.swift in Sources */,
				0BBD7893259A4B4800E08EB2 /* UserService.swift in Sources */,
				0B99FC0D256A170D00673133 /* DDLogFlag+Extensions.swift in Sources */,
				0B1CBEA627C0827F0008C72A /* ActivityUpdateDelegate.swift in Sources */,
				0B47A23D279CB69400C2970E /* MockEmailUtility.swift in Sources */,
				0B1CBEC527C30F390008C72A /* MockAppProtocolHandler.swift in Sources */,
				0B47A23F279CB6D600C2970E /* MockHealthKitManager.swift in Sources */,
				0B1CBEC327C309B20008C72A /* JoinCompetitionProtocolData.swift in Sources */,
				0BF759C825B67D5C0098AE13 /* Color+Extensions.swift in Sources */,
				0B99FC17256A20A800673133 /* AuthenticationManager.swift in Sources */,
				0B1CBEB827C1A5660008C72A /* RefreshableScrollViewModel.swift in Sources */,
				0BBD789C259A4BB600E08EB2 /* CompetitionService.swift in Sources */,
				0B47A244279DDF1300C2970E /* ActivityRingView.swift in Sources */,
				0B1CBEB427C1A5020008C72A /* FramePreferenceKey.swift in Sources */,
				0B47A24E279DFDBC00C2970E /* ActivityValueView.swift in Sources */,
				0B47A231279CB12600C2970E /* MockUserService.swift in Sources */,
				0BCB29DC256B3B23008FE93C /* ViewState.swift in Sources */,
				0BBD788D259A4A9400E08EB2 /* ServiceBase.swift in Sources */,
				0B47A237279CB51900C2970E /* MockActivityDataService.swift in Sources */,
				0B8445E1275C464500F78480 /* LoginState.swift in Sources */,
				0B47A239279CB57800C2970E /* MockCompetitionManager.swift in Sources */,
				0BD42FF525B6671700968D87 /* TimeInterval+Extensions.swift in Sources */,
				0B99FC13256A1BDE00673133 /* EmptyResponse.swift in Sources */,
				0BFBCA2725F48C710004658C /* HomepageSheetViewModel.swift in Sources */,
				0BBD7899259A4B9300E08EB2 /* ActivityDataService.swift in Sources */,
				0B99FBFF256A09F500673133 /* Logger.swift in Sources */,
				0BCB29D9256B3A84008FE93C /* LoginViewModel.swift in Sources */,
				0B9058C927B0844800AE1712 /* Error+Extensions.swift in Sources */,
				0B47A24C279DF37500C2970E /* HKActivitySummary+Extensions.swift in Sources */,
				0B1CBECA27C3F3B80008C72A /* CompetitionDescription.swift in Sources */,
				0B99FC06256A0BA800673133 /* LogFormatter.swift in Sources */,
				0BABC72B25ABAF570064CE5C /* UIWindow+Extensions.swift in Sources */,
				0B1CBEB627C1A5480008C72A /* ActivityIndicator.swift in Sources */,
				0B47A222279C90EC00C2970E /* User.swift in Sources */,
				0B35977B25715567006D956A /* LoggedInContentView.swift in Sources */,
				0B1CBED027C3F7C50008C72A /* JoinCompetitionViewModel.swift in Sources */,
				0BBD78852593F51100E08EB2 /* Encodable+Extension.swift in Sources */,
				0B35972C257046FC006D956A /* AppDelegate.swift in Sources */,
				0B8445D8275C43FA00F78480 /* CompetitionDetailViewModel.swift in Sources */,
				0B47A22B279CAC1E00C2970E /* MockTokenManager.swift in Sources */,
				0B9BADBF256AE2FB00EB1B60 /* ObjectGraph.swift in Sources */,
				0B47A246279DE17B00C2970E /* TodaySummaryView.swift in Sources */,
				0B99FC23256A275E00673133 /* KeychainError.swift in Sources */,
				0BD42FF225B664CE00968D87 /* CompetitionSummaryViewModel.swift in Sources */,
				0B47A241279CB76500C2970E /* MockShakeGestureHandler.swift in Sources */,
				0B47A254279E47B600C2970E /* UserCompetitionResultView.swift in Sources */,
				0B99FBEB256A070F00673133 /* HttpMethod.swift in Sources */,
				0B9BADC4256AE44600EB1B60 /* WelcomeView.swift in Sources */,
				0B99FC20256A273D00673133 /* KeychainUtilities.swift in Sources */,
				0B99FBCE256A016900673133 /* FitWithFriendsApp.swift in Sources */,
				0B359724256C7357006D956A /* AppStateViewModel.swift in Sources */,
				0B47A233279CB24200C2970E /* MockObjectGraph.swift in Sources */,
				0B8445D2275C22E100F78480 /* JSONEncoder+Extension.swift in Sources */,
				0B67532E2574686D0032835D /* Workout.swift in Sources */,
				0B1CBEA827C09FEC0008C72A /* IdentifiableBase.swift in Sources */,
				0B2D7499256AE6C900821775 /* CreateAccountViewModel.swift in Sources */,
				0B99FC2E256A2CFB00673133 /* Token.swift in Sources */,
				0B47A235279CB2ED00C2970E /* IObjectGraph.swift in Sources */,
				0BBD7888259A3FF600E08EB2 /* CompetitionOverview.swift in Sources */,
				0B9BADAF256AD88100EB1B60 /* RequestConstants.swift in Sources */,
				0B1CBEBA27C1C0CC0008C72A /* MockUtilities.swift in Sources */,
				0BBD78A1259A537100E08EB2 /* CompetitionManager.swift in Sources */,
				0B6752DA25715ED80032835D /* PermissionPromptView.swift in Sources */,
				0B47A227279CA8EF00C2970E /* MockAuthenticationManager.swift in Sources */,
			);
			runOnlyForDeploymentPostprocessing = 0;
		};
/* End PBXSourcesBuildPhase section */

/* Begin XCBuildConfiguration section */
		0B99FBD7256A016900673133 /* Debug */ = {
			isa = XCBuildConfiguration;
			buildSettings = {
				ALWAYS_SEARCH_USER_PATHS = NO;
				CLANG_ANALYZER_NONNULL = YES;
				CLANG_ANALYZER_NUMBER_OBJECT_CONVERSION = YES_AGGRESSIVE;
				CLANG_CXX_LANGUAGE_STANDARD = "gnu++14";
				CLANG_CXX_LIBRARY = "libc++";
				CLANG_ENABLE_MODULES = YES;
				CLANG_ENABLE_OBJC_ARC = YES;
				CLANG_ENABLE_OBJC_WEAK = YES;
				CLANG_WARN_BLOCK_CAPTURE_AUTORELEASING = YES;
				CLANG_WARN_BOOL_CONVERSION = YES;
				CLANG_WARN_COMMA = YES;
				CLANG_WARN_CONSTANT_CONVERSION = YES;
				CLANG_WARN_DEPRECATED_OBJC_IMPLEMENTATIONS = YES;
				CLANG_WARN_DIRECT_OBJC_ISA_USAGE = YES_ERROR;
				CLANG_WARN_DOCUMENTATION_COMMENTS = YES;
				CLANG_WARN_EMPTY_BODY = YES;
				CLANG_WARN_ENUM_CONVERSION = YES;
				CLANG_WARN_INFINITE_RECURSION = YES;
				CLANG_WARN_INT_CONVERSION = YES;
				CLANG_WARN_NON_LITERAL_NULL_CONVERSION = YES;
				CLANG_WARN_OBJC_IMPLICIT_RETAIN_SELF = YES;
				CLANG_WARN_OBJC_LITERAL_CONVERSION = YES;
				CLANG_WARN_OBJC_ROOT_CLASS = YES_ERROR;
				CLANG_WARN_QUOTED_INCLUDE_IN_FRAMEWORK_HEADER = YES;
				CLANG_WARN_RANGE_LOOP_ANALYSIS = YES;
				CLANG_WARN_STRICT_PROTOTYPES = YES;
				CLANG_WARN_SUSPICIOUS_MOVE = YES;
				CLANG_WARN_UNGUARDED_AVAILABILITY = YES_AGGRESSIVE;
				CLANG_WARN_UNREACHABLE_CODE = YES;
				CLANG_WARN__DUPLICATE_METHOD_MATCH = YES;
				COPY_PHASE_STRIP = NO;
				DEBUG_INFORMATION_FORMAT = dwarf;
				ENABLE_STRICT_OBJC_MSGSEND = YES;
				ENABLE_TESTABILITY = YES;
				GCC_C_LANGUAGE_STANDARD = gnu11;
				GCC_DYNAMIC_NO_PIC = NO;
				GCC_NO_COMMON_BLOCKS = YES;
				GCC_OPTIMIZATION_LEVEL = 0;
				GCC_PREPROCESSOR_DEFINITIONS = (
					"DEBUG=1",
					"$(inherited)",
				);
				GCC_WARN_64_TO_32_BIT_CONVERSION = YES;
				GCC_WARN_ABOUT_RETURN_TYPE = YES_ERROR;
				GCC_WARN_UNDECLARED_SELECTOR = YES;
				GCC_WARN_UNINITIALIZED_AUTOS = YES_AGGRESSIVE;
				GCC_WARN_UNUSED_FUNCTION = YES;
				GCC_WARN_UNUSED_VARIABLE = YES;
				IPHONEOS_DEPLOYMENT_TARGET = 15.0;
				MTL_ENABLE_DEBUG_INFO = INCLUDE_SOURCE;
				MTL_FAST_MATH = YES;
				ONLY_ACTIVE_ARCH = YES;
				SDKROOT = iphoneos;
				SWIFT_ACTIVE_COMPILATION_CONDITIONS = DEBUG;
				SWIFT_OPTIMIZATION_LEVEL = "-Onone";
			};
			name = Debug;
		};
		0B99FBD8256A016900673133 /* Release */ = {
			isa = XCBuildConfiguration;
			buildSettings = {
				ALWAYS_SEARCH_USER_PATHS = NO;
				CLANG_ANALYZER_NONNULL = YES;
				CLANG_ANALYZER_NUMBER_OBJECT_CONVERSION = YES_AGGRESSIVE;
				CLANG_CXX_LANGUAGE_STANDARD = "gnu++14";
				CLANG_CXX_LIBRARY = "libc++";
				CLANG_ENABLE_MODULES = YES;
				CLANG_ENABLE_OBJC_ARC = YES;
				CLANG_ENABLE_OBJC_WEAK = YES;
				CLANG_WARN_BLOCK_CAPTURE_AUTORELEASING = YES;
				CLANG_WARN_BOOL_CONVERSION = YES;
				CLANG_WARN_COMMA = YES;
				CLANG_WARN_CONSTANT_CONVERSION = YES;
				CLANG_WARN_DEPRECATED_OBJC_IMPLEMENTATIONS = YES;
				CLANG_WARN_DIRECT_OBJC_ISA_USAGE = YES_ERROR;
				CLANG_WARN_DOCUMENTATION_COMMENTS = YES;
				CLANG_WARN_EMPTY_BODY = YES;
				CLANG_WARN_ENUM_CONVERSION = YES;
				CLANG_WARN_INFINITE_RECURSION = YES;
				CLANG_WARN_INT_CONVERSION = YES;
				CLANG_WARN_NON_LITERAL_NULL_CONVERSION = YES;
				CLANG_WARN_OBJC_IMPLICIT_RETAIN_SELF = YES;
				CLANG_WARN_OBJC_LITERAL_CONVERSION = YES;
				CLANG_WARN_OBJC_ROOT_CLASS = YES_ERROR;
				CLANG_WARN_QUOTED_INCLUDE_IN_FRAMEWORK_HEADER = YES;
				CLANG_WARN_RANGE_LOOP_ANALYSIS = YES;
				CLANG_WARN_STRICT_PROTOTYPES = YES;
				CLANG_WARN_SUSPICIOUS_MOVE = YES;
				CLANG_WARN_UNGUARDED_AVAILABILITY = YES_AGGRESSIVE;
				CLANG_WARN_UNREACHABLE_CODE = YES;
				CLANG_WARN__DUPLICATE_METHOD_MATCH = YES;
				COPY_PHASE_STRIP = NO;
				DEBUG_INFORMATION_FORMAT = "dwarf-with-dsym";
				ENABLE_NS_ASSERTIONS = NO;
				ENABLE_STRICT_OBJC_MSGSEND = YES;
				GCC_C_LANGUAGE_STANDARD = gnu11;
				GCC_NO_COMMON_BLOCKS = YES;
				GCC_WARN_64_TO_32_BIT_CONVERSION = YES;
				GCC_WARN_ABOUT_RETURN_TYPE = YES_ERROR;
				GCC_WARN_UNDECLARED_SELECTOR = YES;
				GCC_WARN_UNINITIALIZED_AUTOS = YES_AGGRESSIVE;
				GCC_WARN_UNUSED_FUNCTION = YES;
				GCC_WARN_UNUSED_VARIABLE = YES;
				IPHONEOS_DEPLOYMENT_TARGET = 15.0;
				MTL_ENABLE_DEBUG_INFO = NO;
				MTL_FAST_MATH = YES;
				SDKROOT = iphoneos;
				SWIFT_COMPILATION_MODE = wholemodule;
				SWIFT_OPTIMIZATION_LEVEL = "-O";
				VALIDATE_PRODUCT = YES;
			};
			name = Release;
		};
		0B99FBDA256A016900673133 /* Debug */ = {
			isa = XCBuildConfiguration;
			buildSettings = {
				ASSETCATALOG_COMPILER_APPICON_NAME = AppIcon;
				ASSETCATALOG_COMPILER_GLOBAL_ACCENT_COLOR_NAME = AccentColor;
				CODE_SIGN_ENTITLEMENTS = FitWithFriends/FitWithFriends.entitlements;
				CODE_SIGN_STYLE = Automatic;
				DEVELOPMENT_ASSET_PATHS = "\"FitWithFriends/Preview Content\"";
				DEVELOPMENT_TEAM = U7MJ9CBUMD;
				ENABLE_PREVIEWS = YES;
				INFOPLIST_FILE = FitWithFriends/Info.plist;
				IPHONEOS_DEPLOYMENT_TARGET = 15.0;
				LD_RUNPATH_SEARCH_PATHS = (
					"$(inherited)",
					"@executable_path/Frameworks",
				);
				PRODUCT_BUNDLE_IDENTIFIER = com.danoconnor.FitWithFriends;
				PRODUCT_NAME = "$(TARGET_NAME)";
				SWIFT_VERSION = 5.0;
				TARGETED_DEVICE_FAMILY = "1,2";
			};
			name = Debug;
		};
		0B99FBDB256A016900673133 /* Release */ = {
			isa = XCBuildConfiguration;
			buildSettings = {
				ASSETCATALOG_COMPILER_APPICON_NAME = AppIcon;
				ASSETCATALOG_COMPILER_GLOBAL_ACCENT_COLOR_NAME = AccentColor;
				CODE_SIGN_ENTITLEMENTS = FitWithFriends/FitWithFriends.entitlements;
				CODE_SIGN_STYLE = Automatic;
				DEVELOPMENT_ASSET_PATHS = "\"FitWithFriends/Preview Content\"";
				DEVELOPMENT_TEAM = U7MJ9CBUMD;
				ENABLE_PREVIEWS = YES;
				INFOPLIST_FILE = FitWithFriends/Info.plist;
				IPHONEOS_DEPLOYMENT_TARGET = 15.0;
				LD_RUNPATH_SEARCH_PATHS = (
					"$(inherited)",
					"@executable_path/Frameworks",
				);
				PRODUCT_BUNDLE_IDENTIFIER = com.danoconnor.FitWithFriends;
				PRODUCT_NAME = "$(TARGET_NAME)";
				SWIFT_VERSION = 5.0;
				TARGETED_DEVICE_FAMILY = "1,2";
			};
			name = Release;
		};
/* End XCBuildConfiguration section */

/* Begin XCConfigurationList section */
		0B99FBC5256A016900673133 /* Build configuration list for PBXProject "FitWithFriends" */ = {
			isa = XCConfigurationList;
			buildConfigurations = (
				0B99FBD7256A016900673133 /* Debug */,
				0B99FBD8256A016900673133 /* Release */,
			);
			defaultConfigurationIsVisible = 0;
			defaultConfigurationName = Release;
		};
		0B99FBD9256A016900673133 /* Build configuration list for PBXNativeTarget "FitWithFriends" */ = {
			isa = XCConfigurationList;
			buildConfigurations = (
				0B99FBDA256A016900673133 /* Debug */,
				0B99FBDB256A016900673133 /* Release */,
			);
			defaultConfigurationIsVisible = 0;
			defaultConfigurationName = Release;
		};
/* End XCConfigurationList section */

/* Begin XCRemoteSwiftPackageReference section */
		0B47A21E279C893100C2970E /* XCRemoteSwiftPackageReference "CocoaLumberjack" */ = {
			isa = XCRemoteSwiftPackageReference;
			repositoryURL = "https://github.com/CocoaLumberjack/CocoaLumberjack.git";
			requirement = {
				kind = upToNextMajorVersion;
				minimumVersion = 3.0.0;
			};
		};
/* End XCRemoteSwiftPackageReference section */

/* Begin XCSwiftPackageProductDependency section */
		0B47A21F279C893100C2970E /* CocoaLumberjackSwift */ = {
			isa = XCSwiftPackageProductDependency;
			package = 0B47A21E279C893100C2970E /* XCRemoteSwiftPackageReference "CocoaLumberjack" */;
			productName = CocoaLumberjackSwift;
		};
/* End XCSwiftPackageProductDependency section */
	};
	rootObject = 0B99FBC2256A016900673133 /* Project object */;
}
