PODS:
  - CocoaLumberjack (3.7.2):
    - CocoaLumberjack/Core (= 3.7.2)
  - CocoaLumberjack/Core (3.7.2)

DEPENDENCIES:
  - CocoaLumberjack (= 3.7.2)

SPEC REPOS:
  trunk:
    - CocoaLumberjack

SPEC CHECKSUMS:
  CocoaLumberjack: b7e05132ff94f6ae4dfa9d5bce9141893a21d9da

PODFILE CHECKSUM: 023c74255a5118049165b45ba69a4288b0290c3d

COCOAPODS: 1.11.2
