
Microsoft Visual Studio Solution File, Format Version 12.00
# Visual Studio Version 16
VisualStudioVersion = 16.0.30611.23
MinimumVisualStudioVersion = 10.0.40219.1
Project("{9092AA53-FB77-4645-B42D-1CCCA6BD08BD}") = "FitWithFriends", "FitWithFriends\FitWithFriends.njsproj", "{7FA4B640-5D6E-45BA-AA8B-E169AB979125}"
EndProject
Global
	GlobalSection(SolutionConfigurationPlatforms) = preSolution
		Debug|Any CPU = Debug|Any CPU
		Release|Any CPU = Release|Any CPU
	EndGlobalSection
	GlobalSection(ProjectConfigurationPlatforms) = postSolution
		{7FA4B640-5D6E-45BA-AA8B-E169AB979125}.Debug|Any CPU.ActiveCfg = Debug|Any CPU
		{7FA4B640-5D6E-45BA-AA8B-E169AB979125}.Debug|Any CPU.Build.0 = Debug|Any CPU
		{7FA4B640-5D6E-45BA-AA8B-E169AB979125}.Release|Any CPU.ActiveCfg = Release|Any CPU
		{7FA4B640-5D6E-45BA-AA8B-E169AB979125}.Release|Any CPU.Build.0 = Release|Any CPU
	EndGlobalSection
	GlobalSection(SolutionProperties) = preSolution
		HideSolutionNode = FALSE
	EndGlobalSection
	GlobalSection(ExtensibilityGlobals) = postSolution
		SolutionGuid = {F7DEFA19-1BD7-4D9C-9DD7-716D435CACC3}
	EndGlobalSection
EndGlobal
